// !$*UTF8*$!
{
	archiveVersion = 1;
	classes = {
	};
	objectVersion = 55;
	objects = {

/* Begin PBXBuildFile section */
		8248E1AF27F2F3BE00DD3E3D /* SwiftUIDubGrubApp.swift in Sources */ = {isa = PBXBuildFile; fileRef = 8248E1AE27F2F3BE00DD3E3D /* SwiftUIDubGrubApp.swift */; };
		8248E1B327F2F3BF00DD3E3D /* Assets.xcassets in Resources */ = {isa = PBXBuildFile; fileRef = 8248E1B227F2F3BF00DD3E3D /* Assets.xcassets */; };
		8248E1B627F2F3BF00DD3E3D /* Preview Assets.xcassets in Resources */ = {isa = PBXBuildFile; fileRef = 8248E1B527F2F3BF00DD3E3D /* Preview Assets.xcassets */; };
		8248E1BF27F2F57A00DD3E3D /* CloudKit.framework in Frameworks */ = {isa = PBXBuildFile; fileRef = 8248E1BE27F2F57A00DD3E3D /* CloudKit.framework */; };
		8248E1C127F2F8C400DD3E3D /* Color+Ext.swift in Sources */ = {isa = PBXBuildFile; fileRef = 8248E1C027F2F8C400DD3E3D /* Color+Ext.swift */; };
		8248E1C327F2F93200DD3E3D /* AppTabView.swift in Sources */ = {isa = PBXBuildFile; fileRef = 8248E1C227F2F93200DD3E3D /* AppTabView.swift */; };
		8248E1C527F2F97F00DD3E3D /* LocationMapView.swift in Sources */ = {isa = PBXBuildFile; fileRef = 8248E1C427F2F97F00DD3E3D /* LocationMapView.swift */; };
		8248E1C727F2F99E00DD3E3D /* LocationListView.swift in Sources */ = {isa = PBXBuildFile; fileRef = 8248E1C627F2F99E00DD3E3D /* LocationListView.swift */; };
		8248E1C927F2FAB000DD3E3D /* ProfileView.swift in Sources */ = {isa = PBXBuildFile; fileRef = 8248E1C827F2FAB000DD3E3D /* ProfileView.swift */; };
/* End PBXBuildFile section */

/* Begin PBXFileReference section */
		8248E1AB27F2F3BE00DD3E3D /* SwiftUIDubGrub.app */ = {isa = PBXFileReference; explicitFileType = wrapper.application; includeInIndex = 0; path = SwiftUIDubGrub.app; sourceTree = BUILT_PRODUCTS_DIR; };
		8248E1AE27F2F3BE00DD3E3D /* SwiftUIDubGrubApp.swift */ = {isa = PBXFileReference; lastKnownFileType = sourcecode.swift; path = SwiftUIDubGrubApp.swift; sourceTree = "<group>"; };
		8248E1B227F2F3BF00DD3E3D /* Assets.xcassets */ = {isa = PBXFileReference; lastKnownFileType = folder.assetcatalog; path = Assets.xcassets; sourceTree = "<group>"; };
		8248E1B527F2F3BF00DD3E3D /* Preview Assets.xcassets */ = {isa = PBXFileReference; lastKnownFileType = folder.assetcatalog; path = "Preview Assets.xcassets"; sourceTree = "<group>"; };
		8248E1BC27F2F57300DD3E3D /* SwiftUIDubGrub.entitlements */ = {isa = PBXFileReference; lastKnownFileType = text.plist.entitlements; path = SwiftUIDubGrub.entitlements; sourceTree = "<group>"; };
		8248E1BE27F2F57A00DD3E3D /* CloudKit.framework */ = {isa = PBXFileReference; lastKnownFileType = wrapper.framework; name = CloudKit.framework; path = System/Library/Frameworks/CloudKit.framework; sourceTree = SDKROOT; };
		8248E1C027F2F8C400DD3E3D /* Color+Ext.swift */ = {isa = PBXFileReference; lastKnownFileType = sourcecode.swift; path = "Color+Ext.swift"; sourceTree = "<group>"; };
		8248E1C227F2F93200DD3E3D /* AppTabView.swift */ = {isa = PBXFileReference; lastKnownFileType = sourcecode.swift; path = AppTabView.swift; sourceTree = "<group>"; };
		8248E1C427F2F97F00DD3E3D /* LocationMapView.swift */ = {isa = PBXFileReference; lastKnownFileType = sourcecode.swift; path = LocationMapView.swift; sourceTree = "<group>"; };
		8248E1C627F2F99E00DD3E3D /* LocationListView.swift */ = {isa = PBXFileReference; lastKnownFileType = sourcecode.swift; path = LocationListView.swift; sourceTree = "<group>"; };
		8248E1C827F2FAB000DD3E3D /* ProfileView.swift */ = {isa = PBXFileReference; lastKnownFileType = sourcecode.swift; path = ProfileView.swift; sourceTree = "<group>"; };
/* End PBXFileReference section */

/* Begin PBXFrameworksBuildPhase section */
		8248E1A827F2F3BE00DD3E3D /* Frameworks */ = {
			isa = PBXFrameworksBuildPhase;
			buildActionMask = 2147483647;
			files = (
				8248E1BF27F2F57A00DD3E3D /* CloudKit.framework in Frameworks */,
			);
			runOnlyForDeploymentPostprocessing = 0;
		};
/* End PBXFrameworksBuildPhase section */

/* Begin PBXGroup section */
		8248E1A227F2F3BE00DD3E3D = {
			isa = PBXGroup;
			children = (
				8248E1AD27F2F3BE00DD3E3D /* SwiftUIDubGrub */,
				8248E1AC27F2F3BE00DD3E3D /* Products */,
				8248E1BD27F2F57A00DD3E3D /* Frameworks */,
			);
			sourceTree = "<group>";
		};
		8248E1AC27F2F3BE00DD3E3D /* Products */ = {
			isa = PBXGroup;
			children = (
				8248E1AB27F2F3BE00DD3E3D /* SwiftUIDubGrub.app */,
			);
			name = Products;
			sourceTree = "<group>";
		};
		8248E1AD27F2F3BE00DD3E3D /* SwiftUIDubGrub */ = {
			isa = PBXGroup;
			children = (
				8248E1C227F2F93200DD3E3D /* AppTabView.swift */,
				8248E1C427F2F97F00DD3E3D /* LocationMapView.swift */,
				8248E1C627F2F99E00DD3E3D /* LocationListView.swift */,
				8248E1C827F2FAB000DD3E3D /* ProfileView.swift */,
				8248E1C027F2F8C400DD3E3D /* Color+Ext.swift */,
				8248E1BC27F2F57300DD3E3D /* SwiftUIDubGrub.entitlements */,
				8248E1AE27F2F3BE00DD3E3D /* SwiftUIDubGrubApp.swift */,
				8248E1B227F2F3BF00DD3E3D /* Assets.xcassets */,
				8248E1B427F2F3BF00DD3E3D /* Preview Content */,
			);
			path = SwiftUIDubGrub;
			sourceTree = "<group>";
		};
		8248E1B427F2F3BF00DD3E3D /* Preview Content */ = {
			isa = PBXGroup;
			children = (
				8248E1B527F2F3BF00DD3E3D /* Preview Assets.xcassets */,
			);
			path = "Preview Content";
			sourceTree = "<group>";
		};
		8248E1BD27F2F57A00DD3E3D /* Frameworks */ = {
			isa = PBXGroup;
			children = (
				8248E1BE27F2F57A00DD3E3D /* CloudKit.framework */,
			);
			name = Frameworks;
			sourceTree = "<group>";
		};
/* End PBXGroup section */

/* Begin PBXNativeTarget section */
		8248E1AA27F2F3BE00DD3E3D /* SwiftUIDubGrub */ = {
			isa = PBXNativeTarget;
			buildConfigurationList = 8248E1B927F2F3BF00DD3E3D /* Build configuration list for PBXNativeTarget "SwiftUIDubGrub" */;
			buildPhases = (
				8248E1A727F2F3BE00DD3E3D /* Sources */,
				8248E1A827F2F3BE00DD3E3D /* Frameworks */,
				8248E1A927F2F3BE00DD3E3D /* Resources */,
			);
			buildRules = (
			);
			dependencies = (
			);
			name = SwiftUIDubGrub;
			productName = SwiftUIDubGrub;
			productReference = 8248E1AB27F2F3BE00DD3E3D /* SwiftUIDubGrub.app */;
			productType = "com.apple.product-type.application";
		};
/* End PBXNativeTarget section */

/* Begin PBXProject section */
		8248E1A327F2F3BE00DD3E3D /* Project object */ = {
			isa = PBXProject;
			attributes = {
				BuildIndependentTargetsInParallel = 1;
				LastSwiftUpdateCheck = 1330;
				LastUpgradeCheck = 1330;
				TargetAttributes = {
					8248E1AA27F2F3BE00DD3E3D = {
						CreatedOnToolsVersion = 13.3;
					};
				};
			};
			buildConfigurationList = 8248E1A627F2F3BE00DD3E3D /* Build configuration list for PBXProject "SwiftUIDubGrub" */;
			compatibilityVersion = "Xcode 13.0";
			developmentRegion = en;
			hasScannedForEncodings = 0;
			knownRegions = (
				en,
				Base,
			);
			mainGroup = 8248E1A227F2F3BE00DD3E3D;
			productRefGroup = 8248E1AC27F2F3BE00DD3E3D /* Products */;
			projectDirPath = "";
			projectRoot = "";
			targets = (
				8248E1AA27F2F3BE00DD3E3D /* SwiftUIDubGrub */,
			);
		};
/* End PBXProject section */

/* Begin PBXResourcesBuildPhase section */
		8248E1A927F2F3BE00DD3E3D /* Resources */ = {
			isa = PBXResourcesBuildPhase;
			buildActionMask = 2147483647;
			files = (
				8248E1B627F2F3BF00DD3E3D /* Preview Assets.xcassets in Resources */,
				8248E1B327F2F3BF00DD3E3D /* Assets.xcassets in Resources */,
			);
			runOnlyForDeploymentPostprocessing = 0;
		};
/* End PBXResourcesBuildPhase section */

/* Begin PBXSourcesBuildPhase section */
		8248E1A727F2F3BE00DD3E3D /* Sources */ = {
			isa = PBXSourcesBuildPhase;
			buildActionMask = 2147483647;
			files = (
				8248E1AF27F2F3BE00DD3E3D /* SwiftUIDubGrubApp.swift in Sources */,
				8248E1C527F2F97F00DD3E3D /* LocationMapView.swift in Sources */,
				8248E1C727F2F99E00DD3E3D /* LocationListView.swift in Sources */,
				8248E1C327F2F93200DD3E3D /* AppTabView.swift in Sources */,
				8248E1C927F2FAB000DD3E3D /* ProfileView.swift in Sources */,
				8248E1C127F2F8C400DD3E3D /* Color+Ext.swift in Sources */,
			);
			runOnlyForDeploymentPostprocessing = 0;
		};
/* End PBXSourcesBuildPhase section */

/* Begin XCBuildConfiguration section */
		8248E1B727F2F3BF00DD3E3D /* Debug */ = {
			isa = XCBuildConfiguration;
			buildSettings = {
				ALWAYS_SEARCH_USER_PATHS = NO;
				CLANG_ANALYZER_NONNULL = YES;
				CLANG_ANALYZER_NUMBER_OBJECT_CONVERSION = YES_AGGRESSIVE;
				CLANG_CXX_LANGUAGE_STANDARD = "gnu++17";
				CLANG_ENABLE_MODULES = YES;
				CLANG_ENABLE_OBJC_ARC = YES;
				CLANG_ENABLE_OBJC_WEAK = YES;
				CLANG_WARN_BLOCK_CAPTURE_AUTORELEASING = YES;
				CLANG_WARN_BOOL_CONVERSION = YES;
				CLANG_WARN_COMMA = YES;
				CLANG_WARN_CONSTANT_CONVERSION = YES;
				CLANG_WARN_DEPRECATED_OBJC_IMPLEMENTATIONS = YES;
				CLANG_WARN_DIRECT_OBJC_ISA_USAGE = YES_ERROR;
				CLANG_WARN_DOCUMENTATION_COMMENTS = YES;
				CLANG_WARN_EMPTY_BODY = YES;
				CLANG_WARN_ENUM_CONVERSION = YES;
				CLANG_WARN_INFINITE_RECURSION = YES;
				CLANG_WARN_INT_CONVERSION = YES;
				CLANG_WARN_NON_LITERAL_NULL_CONVERSION = YES;
				CLANG_WARN_OBJC_IMPLICIT_RETAIN_SELF = YES;
				CLANG_WARN_OBJC_LITERAL_CONVERSION = YES;
				CLANG_WARN_OBJC_ROOT_CLASS = YES_ERROR;
				CLANG_WARN_QUOTED_INCLUDE_IN_FRAMEWORK_HEADER = YES;
				CLANG_WARN_RANGE_LOOP_ANALYSIS = YES;
				CLANG_WARN_STRICT_PROTOTYPES = YES;
				CLANG_WARN_SUSPICIOUS_MOVE = YES;
				CLANG_WARN_UNGUARDED_AVAILABILITY = YES_AGGRESSIVE;
				CLANG_WARN_UNREACHABLE_CODE = YES;
				CLANG_WARN__DUPLICATE_METHOD_MATCH = YES;
				COPY_PHASE_STRIP = NO;
				DEBUG_INFORMATION_FORMAT = dwarf;
				ENABLE_STRICT_OBJC_MSGSEND = YES;
				ENABLE_TESTABILITY = YES;
				GCC_C_LANGUAGE_STANDARD = gnu11;
				GCC_DYNAMIC_NO_PIC = NO;
				GCC_NO_COMMON_BLOCKS = YES;
				GCC_OPTIMIZATION_LEVEL = 0;
				GCC_PREPROCESSOR_DEFINITIONS = (
					"DEBUG=1",
					"$(inherited)",
				);
				GCC_WARN_64_TO_32_BIT_CONVERSION = YES;
				GCC_WARN_ABOUT_RETURN_TYPE = YES_ERROR;
				GCC_WARN_UNDECLARED_SELECTOR = YES;
				GCC_WARN_UNINITIALIZED_AUTOS = YES_AGGRESSIVE;
				GCC_WARN_UNUSED_FUNCTION = YES;
				GCC_WARN_UNUSED_VARIABLE = YES;
				IPHONEOS_DEPLOYMENT_TARGET = 15.4;
				MTL_ENABLE_DEBUG_INFO = INCLUDE_SOURCE;
				MTL_FAST_MATH = YES;
				ONLY_ACTIVE_ARCH = YES;
				SDKROOT = iphoneos;
				SWIFT_ACTIVE_COMPILATION_CONDITIONS = DEBUG;
				SWIFT_OPTIMIZATION_LEVEL = "-Onone";
			};
			name = Debug;
		};
		8248E1B827F2F3BF00DD3E3D /* Release */ = {
			isa = XCBuildConfiguration;
			buildSettings = {
				ALWAYS_SEARCH_USER_PATHS = NO;
				CLANG_ANALYZER_NONNULL = YES;
				CLANG_ANALYZER_NUMBER_OBJECT_CONVERSION = YES_AGGRESSIVE;
				CLANG_CXX_LANGUAGE_STANDARD = "gnu++17";
				CLANG_ENABLE_MODULES = YES;
				CLANG_ENABLE_OBJC_ARC = YES;
				CLANG_ENABLE_OBJC_WEAK = YES;
				CLANG_WARN_BLOCK_CAPTURE_AUTORELEASING = YES;
				CLANG_WARN_BOOL_CONVERSION = YES;
				CLANG_WARN_COMMA = YES;
				CLANG_WARN_CONSTANT_CONVERSION = YES;
				CLANG_WARN_DEPRECATED_OBJC_IMPLEMENTATIONS = YES;
				CLANG_WARN_DIRECT_OBJC_ISA_USAGE = YES_ERROR;
				CLANG_WARN_DOCUMENTATION_COMMENTS = YES;
				CLANG_WARN_EMPTY_BODY = YES;
				CLANG_WARN_ENUM_CONVERSION = YES;
				CLANG_WARN_INFINITE_RECURSION = YES;
				CLANG_WARN_INT_CONVERSION = YES;
				CLANG_WARN_NON_LITERAL_NULL_CONVERSION = YES;
				CLANG_WARN_OBJC_IMPLICIT_RETAIN_SELF = YES;
				CLANG_WARN_OBJC_LITERAL_CONVERSION = YES;
				CLANG_WARN_OBJC_ROOT_CLASS = YES_ERROR;
				CLANG_WARN_QUOTED_INCLUDE_IN_FRAMEWORK_HEADER = YES;
				CLANG_WARN_RANGE_LOOP_ANALYSIS = YES;
				CLANG_WARN_STRICT_PROTOTYPES = YES;
				CLANG_WARN_SUSPICIOUS_MOVE = YES;
				CLANG_WARN_UNGUARDED_AVAILABILITY = YES_AGGRESSIVE;
				CLANG_WARN_UNREACHABLE_CODE = YES;
				CLANG_WARN__DUPLICATE_METHOD_MATCH = YES;
				COPY_PHASE_STRIP = NO;
				DEBUG_INFORMATION_FORMAT = "dwarf-with-dsym";
				ENABLE_NS_ASSERTIONS = NO;
				ENABLE_STRICT_OBJC_MSGSEND = YES;
				GCC_C_LANGUAGE_STANDARD = gnu11;
				GCC_NO_COMMON_BLOCKS = YES;
				GCC_WARN_64_TO_32_BIT_CONVERSION = YES;
				GCC_WARN_ABOUT_RETURN_TYPE = YES_ERROR;
				GCC_WARN_UNDECLARED_SELECTOR = YES;
				GCC_WARN_UNINITIALIZED_AUTOS = YES_AGGRESSIVE;
				GCC_WARN_UNUSED_FUNCTION = YES;
				GCC_WARN_UNUSED_VARIABLE = YES;
				IPHONEOS_DEPLOYMENT_TARGET = 15.4;
				MTL_ENABLE_DEBUG_INFO = NO;
				MTL_FAST_MATH = YES;
				SDKROOT = iphoneos;
				SWIFT_COMPILATION_MODE = wholemodule;
				SWIFT_OPTIMIZATION_LEVEL = "-O";
				VALIDATE_PRODUCT = YES;
			};
			name = Release;
		};
		8248E1BA27F2F3BF00DD3E3D /* Debug */ = {
			isa = XCBuildConfiguration;
			buildSettings = {
				ASSETCATALOG_COMPILER_APPICON_NAME = AppIcon;
				ASSETCATALOG_COMPILER_GLOBAL_ACCENT_COLOR_NAME = AccentColor;
				CODE_SIGN_ENTITLEMENTS = SwiftUIDubGrub/SwiftUIDubGrub.entitlements;
				CODE_SIGN_STYLE = Automatic;
				CURRENT_PROJECT_VERSION = 1;
				DEVELOPMENT_ASSET_PATHS = "\"SwiftUIDubGrub/Preview Content\"";
				DEVELOPMENT_TEAM = UMQAGMF379;
				ENABLE_PREVIEWS = YES;
				GENERATE_INFOPLIST_FILE = YES;
				INFOPLIST_KEY_UIApplicationSceneManifest_Generation = YES;
				INFOPLIST_KEY_UIApplicationSupportsIndirectInputEvents = YES;
				INFOPLIST_KEY_UILaunchScreen_Generation = YES;
				INFOPLIST_KEY_UISupportedInterfaceOrientations_iPad = "UIInterfaceOrientationPortrait UIInterfaceOrientationPortraitUpsideDown UIInterfaceOrientationLandscapeLeft UIInterfaceOrientationLandscapeRight";
				INFOPLIST_KEY_UISupportedInterfaceOrientations_iPhone = "UIInterfaceOrientationPortrait UIInterfaceOrientationLandscapeLeft UIInterfaceOrientationLandscapeRight";
				LD_RUNPATH_SEARCH_PATHS = (
					"$(inherited)",
					"@executable_path/Frameworks",
				);
				MARKETING_VERSION = 1.0;
				PRODUCT_BUNDLE_IDENTIFIER = com.IssapTechnologies.SwiftUIDubGrub;
				PRODUCT_NAME = "$(TARGET_NAME)";
				SWIFT_EMIT_LOC_STRINGS = YES;
				SWIFT_VERSION = 5.0;
				TARGETED_DEVICE_FAMILY = "1,2";
			};
			name = Debug;
		};
		8248E1BB27F2F3BF00DD3E3D /* Release */ = {
			isa = XCBuildConfiguration;
			buildSettings = {
				ASSETCATALOG_COMPILER_APPICON_NAME = AppIcon;
				ASSETCATALOG_COMPILER_GLOBAL_ACCENT_COLOR_NAME = AccentColor;
				CODE_SIGN_ENTITLEMENTS = SwiftUIDubGrub/SwiftUIDubGrub.entitlements;
				CODE_SIGN_STYLE = Automatic;
				CURRENT_PROJECT_VERSION = 1;
				DEVELOPMENT_ASSET_PATHS = "\"SwiftUIDubGrub/Preview Content\"";
				DEVELOPMENT_TEAM = UMQAGMF379;
				ENABLE_PREVIEWS = YES;
				GENERATE_INFOPLIST_FILE = YES;
				INFOPLIST_KEY_UIApplicationSceneManifest_Generation = YES;
				INFOPLIST_KEY_UIApplicationSupportsIndirectInputEvents = YES;
				INFOPLIST_KEY_UILaunchScreen_Generation = YES;
				INFOPLIST_KEY_UISupportedInterfaceOrientations_iPad = "UIInterfaceOrientationPortrait UIInterfaceOrientationPortraitUpsideDown UIInterfaceOrientationLandscapeLeft UIInterfaceOrientationLandscapeRight";
				INFOPLIST_KEY_UISupportedInterfaceOrientations_iPhone = "UIInterfaceOrientationPortrait UIInterfaceOrientationLandscapeLeft UIInterfaceOrientationLandscapeRight";
				LD_RUNPATH_SEARCH_PATHS = (
					"$(inherited)",
					"@executable_path/Frameworks",
				);
				MARKETING_VERSION = 1.0;
				PRODUCT_BUNDLE_IDENTIFIER = com.IssapTechnologies.SwiftUIDubGrub;
				PRODUCT_NAME = "$(TARGET_NAME)";
				SWIFT_EMIT_LOC_STRINGS = YES;
				SWIFT_VERSION = 5.0;
				TARGETED_DEVICE_FAMILY = "1,2";
			};
			name = Release;
		};
/* End XCBuildConfiguration section */

/* Begin XCConfigurationList section */
		8248E1A627F2F3BE00DD3E3D /* Build configuration list for PBXProject "SwiftUIDubGrub" */ = {
			isa = XCConfigurationList;
			buildConfigurations = (
				8248E1B727F2F3BF00DD3E3D /* Debug */,
				8248E1B827F2F3BF00DD3E3D /* Release */,
			);
			defaultConfigurationIsVisible = 0;
			defaultConfigurationName = Release;
		};
		8248E1B927F2F3BF00DD3E3D /* Build configuration list for PBXNativeTarget "SwiftUIDubGrub" */ = {
			isa = XCConfigurationList;
			buildConfigurations = (
				8248E1BA27F2F3BF00DD3E3D /* Debug */,
				8248E1BB27F2F3BF00DD3E3D /* Release */,
			);
			defaultConfigurationIsVisible = 0;
			defaultConfigurationName = Release;
		};
/* End XCConfigurationList section */
	};
	rootObject = 8248E1A327F2F3BE00DD3E3D /* Project object */;
}
